
Microsoft Visual Studio Solution File, Format Version 12.00
# Visual Studio Version 16
VisualStudioVersion = 16.0.32106.194
MinimumVisualStudioVersion = 10.0.40219.1
Project("{8BC9CEB8-8B4A-11D0-8D11-00A0C91BC942}") = "CS580HW2", "CS580HW2.vcxproj", "{9FA891FE-BB4C-47EF-A8CD-06A4985388AB}"
EndProject
Global
	GlobalSection(SolutionConfigurationPlatforms) = preSolution
		Debug|x86 = Debug|x86
		Release|x86 = Release|x86
	EndGlobalSection
	GlobalSection(ProjectConfigurationPlatforms) = postSolution
		{9FA891FE-BB4C-47EF-A8CD-06A4985388AB}.Debug|x86.ActiveCfg = Debug|Win32
		{9FA891FE-BB4C-47EF-A8CD-06A4985388AB}.Debug|x86.Build.0 = Debug|Win32
		{9FA891FE-BB4C-47EF-A8CD-06A4985388AB}.Release|x86.ActiveCfg = Release|Win32
		{9FA891FE-BB4C-47EF-A8CD-06A4985388AB}.Release|x86.Build.0 = Release|Win32
	EndGlobalSection
	GlobalSection(SolutionProperties) = preSolution
		HideSolutionNode = FALSE
	EndGlobalSection
	GlobalSection(ExtensibilityGlobals) = postSolution
		SolutionGuid = {7494684C-5EA8-4019-A035-04130078F905}
	EndGlobalSection
EndGlobal
