
Microsoft Visual Studio Solution File, Format Version 12.00
# Visual Studio Version 16
VisualStudioVersion = 16.0.32106.194
MinimumVisualStudioVersion = 10.0.40219.1
Project("{8BC9CEB8-8B4A-11D0-8D11-00A0C91BC942}") = "CS580HW4", "CS580HW4.vcxproj", "{B9293EB6-7E62-4222-A06D-F2EDEFB0ACA1}"
EndProject
Global
	GlobalSection(SolutionConfigurationPlatforms) = preSolution
		Debug|x86 = Debug|x86
		Release|x86 = Release|x86
	EndGlobalSection
	GlobalSection(ProjectConfigurationPlatforms) = postSolution
		{B9293EB6-7E62-4222-A06D-F2EDEFB0ACA1}.Debug|x86.ActiveCfg = Debug|Win32
		{B9293EB6-7E62-4222-A06D-F2EDEFB0ACA1}.Debug|x86.Build.0 = Debug|Win32
		{B9293EB6-7E62-4222-A06D-F2EDEFB0ACA1}.Release|x86.ActiveCfg = Release|Win32
		{B9293EB6-7E62-4222-A06D-F2EDEFB0ACA1}.Release|x86.Build.0 = Release|Win32
	EndGlobalSection
	GlobalSection(SolutionProperties) = preSolution
		HideSolutionNode = FALSE
	EndGlobalSection
	GlobalSection(ExtensibilityGlobals) = postSolution
		SolutionGuid = {3BF5287F-DF92-4BBD-9DBE-778BD79B4E93}
	EndGlobalSection
EndGlobal
